// !$*UTF8*$!
{
	archiveVersion = 1;
	classes = {
	};
	objectVersion = 50;
	objects = {

/* Begin PBXBuildFile section */
		FDB534EA25834E0700BC8D42 /* AppDelegate.swift in Sources */ = {isa = PBXBuildFile; fileRef = FDB534E925834E0700BC8D42 /* AppDelegate.swift */; };
		FDB534EC25834E0700BC8D42 /* SceneDelegate.swift in Sources */ = {isa = PBXBuildFile; fileRef = FDB534EB25834E0700BC8D42 /* SceneDelegate.swift */; };
		FDB534EE25834E0700BC8D42 /* ViewController.swift in Sources */ = {isa = PBXBuildFile; fileRef = FDB534ED25834E0700BC8D42 /* ViewController.swift */; };
		FDB534F125834E0700BC8D42 /* Main.storyboard in Resources */ = {isa = PBXBuildFile; fileRef = FDB534EF25834E0700BC8D42 /* Main.storyboard */; };
		FDB534F325834E0900BC8D42 /* Assets.xcassets in Resources */ = {isa = PBXBuildFile; fileRef = FDB534F225834E0900BC8D42 /* Assets.xcassets */; };
		FDB534F625834E0900BC8D42 /* LaunchScreen.storyboard in Resources */ = {isa = PBXBuildFile; fileRef = FDB534F425834E0900BC8D42 /* LaunchScreen.storyboard */; };
		FDB53504258379CD00BC8D42 /* recaptcha.html in Resources */ = {isa = PBXBuildFile; fileRef = FDB53503258379CD00BC8D42 /* recaptcha.html */; };
		FDB53508258379D400BC8D42 /* ReCAPTCHAViewController.swift in Sources */ = {isa = PBXBuildFile; fileRef = FDB53506258379D400BC8D42 /* ReCAPTCHAViewController.swift */; };
		FDB53509258379D400BC8D42 /* ReCAPTCHAViewModel.swift in Sources */ = {isa = PBXBuildFile; fileRef = FDB53507258379D400BC8D42 /* ReCAPTCHAViewModel.swift */; };
/* End PBXBuildFile section */

/* Begin PBXFileReference section */
		FDB534E625834E0700BC8D42 /* recapcha.app */ = {isa = PBXFileReference; explicitFileType = wrapper.application; includeInIndex = 0; path = recapcha.app; sourceTree = BUILT_PRODUCTS_DIR; };
		FDB534E925834E0700BC8D42 /* AppDelegate.swift */ = {isa = PBXFileReference; lastKnownFileType = sourcecode.swift; path = AppDelegate.swift; sourceTree = "<group>"; };
		FDB534EB25834E0700BC8D42 /* SceneDelegate.swift */ = {isa = PBXFileReference; lastKnownFileType = sourcecode.swift; path = SceneDelegate.swift; sourceTree = "<group>"; };
		FDB534ED25834E0700BC8D42 /* ViewController.swift */ = {isa = PBXFileReference; lastKnownFileType = sourcecode.swift; path = ViewController.swift; sourceTree = "<group>"; };
		FDB534F025834E0700BC8D42 /* Base */ = {isa = PBXFileReference; lastKnownFileType = file.storyboard; name = Base; path = Base.lproj/Main.storyboard; sourceTree = "<group>"; };
		FDB534F225834E0900BC8D42 /* Assets.xcassets */ = {isa = PBXFileReference; lastKnownFileType = folder.assetcatalog; path = Assets.xcassets; sourceTree = "<group>"; };
		FDB534F525834E0900BC8D42 /* Base */ = {isa = PBXFileReference; lastKnownFileType = file.storyboard; name = Base; path = Base.lproj/LaunchScreen.storyboard; sourceTree = "<group>"; };
		FDB534F725834E0900BC8D42 /* Info.plist */ = {isa = PBXFileReference; lastKnownFileType = text.plist.xml; path = Info.plist; sourceTree = "<group>"; };
		FDB53503258379CD00BC8D42 /* recaptcha.html */ = {isa = PBXFileReference; fileEncoding = 4; lastKnownFileType = text.html; path = recaptcha.html; sourceTree = "<group>"; };
		FDB53506258379D400BC8D42 /* ReCAPTCHAViewController.swift */ = {isa = PBXFileReference; fileEncoding = 4; lastKnownFileType = sourcecode.swift; path = ReCAPTCHAViewController.swift; sourceTree = "<group>"; };
		FDB53507258379D400BC8D42 /* ReCAPTCHAViewModel.swift */ = {isa = PBXFileReference; fileEncoding = 4; lastKnownFileType = sourcecode.swift; path = ReCAPTCHAViewModel.swift; sourceTree = "<group>"; };
/* End PBXFileReference section */

/* Begin PBXFrameworksBuildPhase section */
		FDB534E325834E0700BC8D42 /* Frameworks */ = {
			isa = PBXFrameworksBuildPhase;
			buildActionMask = 2147483647;
			files = (
			);
			runOnlyForDeploymentPostprocessing = 0;
		};
/* End PBXFrameworksBuildPhase section */

/* Begin PBXGroup section */
		FDB534DD25834E0700BC8D42 = {
			isa = PBXGroup;
			children = (
				FDB534E825834E0700BC8D42 /* recapcha */,
				FDB534E725834E0700BC8D42 /* Products */,
			);
			sourceTree = "<group>";
		};
		FDB534E725834E0700BC8D42 /* Products */ = {
			isa = PBXGroup;
			children = (
				FDB534E625834E0700BC8D42 /* recapcha.app */,
			);
			name = Products;
			sourceTree = "<group>";
		};
		FDB534E825834E0700BC8D42 /* recapcha */ = {
			isa = PBXGroup;
			children = (
				FDB534E925834E0700BC8D42 /* AppDelegate.swift */,
				FDB534EB25834E0700BC8D42 /* SceneDelegate.swift */,
				FDB534ED25834E0700BC8D42 /* ViewController.swift */,
				FDB53506258379D400BC8D42 /* ReCAPTCHAViewController.swift */,
				FDB53507258379D400BC8D42 /* ReCAPTCHAViewModel.swift */,
				FDB534EF25834E0700BC8D42 /* Main.storyboard */,
				FDB534F225834E0900BC8D42 /* Assets.xcassets */,
				FDB534F425834E0900BC8D42 /* LaunchScreen.storyboard */,
				FDB53503258379CD00BC8D42 /* recaptcha.html */,
				FDB534F725834E0900BC8D42 /* Info.plist */,
			);
			path = recapcha;
			sourceTree = "<group>";
		};
/* End PBXGroup section */

/* Begin PBXNativeTarget section */
		FDB534E525834E0700BC8D42 /* recapcha */ = {
			isa = PBXNativeTarget;
			buildConfigurationList = FDB534FA25834E0900BC8D42 /* Build configuration list for PBXNativeTarget "recapcha" */;
			buildPhases = (
				FDB534E225834E0700BC8D42 /* Sources */,
				FDB534E325834E0700BC8D42 /* Frameworks */,
				FDB534E425834E0700BC8D42 /* Resources */,
			);
			buildRules = (
			);
			dependencies = (
			);
			name = recapcha;
			productName = recapcha;
			productReference = FDB534E625834E0700BC8D42 /* recapcha.app */;
			productType = "com.apple.product-type.application";
		};
/* End PBXNativeTarget section */

/* Begin PBXProject section */
		FDB534DE25834E0700BC8D42 /* Project object */ = {
			isa = PBXProject;
			attributes = {
				LastSwiftUpdateCheck = 1220;
				LastUpgradeCheck = 1220;
				TargetAttributes = {
					FDB534E525834E0700BC8D42 = {
						CreatedOnToolsVersion = 12.2;
					};
				};
			};
			buildConfigurationList = FDB534E125834E0700BC8D42 /* Build configuration list for PBXProject "recapcha" */;
			compatibilityVersion = "Xcode 9.3";
			developmentRegion = en;
			hasScannedForEncodings = 0;
			knownRegions = (
				en,
				Base,
			);
			mainGroup = FDB534DD25834E0700BC8D42;
			productRefGroup = FDB534E725834E0700BC8D42 /* Products */;
			projectDirPath = "";
			projectRoot = "";
			targets = (
				FDB534E525834E0700BC8D42 /* recapcha */,
			);
		};
/* End PBXProject section */

/* Begin PBXResourcesBuildPhase section */
		FDB534E425834E0700BC8D42 /* Resources */ = {
			isa = PBXResourcesBuildPhase;
			buildActionMask = 2147483647;
			files = (
				FDB53504258379CD00BC8D42 /* recaptcha.html in Resources */,
				FDB534F625834E0900BC8D42 /* LaunchScreen.storyboard in Resources */,
				FDB534F325834E0900BC8D42 /* Assets.xcassets in Resources */,
				FDB534F125834E0700BC8D42 /* Main.storyboard in Resources */,
			);
			runOnlyForDeploymentPostprocessing = 0;
		};
/* End PBXResourcesBuildPhase section */

/* Begin PBXSourcesBuildPhase section */
		FDB534E225834E0700BC8D42 /* Sources */ = {
			isa = PBXSourcesBuildPhase;
			buildActionMask = 2147483647;
			files = (
				FDB534EE25834E0700BC8D42 /* ViewController.swift in Sources */,
				FDB534EA25834E0700BC8D42 /* AppDelegate.swift in Sources */,
				FDB53508258379D400BC8D42 /* ReCAPTCHAViewController.swift in Sources */,
				FDB53509258379D400BC8D42 /* ReCAPTCHAViewModel.swift in Sources */,
				FDB534EC25834E0700BC8D42 /* SceneDelegate.swift in Sources */,
			);
			runOnlyForDeploymentPostprocessing = 0;
		};
/* End PBXSourcesBuildPhase section */

/* Begin PBXVariantGroup section */
		FDB534EF25834E0700BC8D42 /* Main.storyboard */ = {
			isa = PBXVariantGroup;
			children = (
				FDB534F025834E0700BC8D42 /* Base */,
			);
			name = Main.storyboard;
			sourceTree = "<group>";
		};
		FDB534F425834E0900BC8D42 /* LaunchScreen.storyboard */ = {
			isa = PBXVariantGroup;
			children = (
				FDB534F525834E0900BC8D42 /* Base */,
			);
			name = LaunchScreen.storyboard;
			sourceTree = "<group>";
		};
/* End PBXVariantGroup section */

/* Begin XCBuildConfiguration section */
		FDB534F825834E0900BC8D42 /* Debug */ = {
			isa = XCBuildConfiguration;
			buildSettings = {
				ALWAYS_SEARCH_USER_PATHS = NO;
				CLANG_ANALYZER_NONNULL = YES;
				CLANG_ANALYZER_NUMBER_OBJECT_CONVERSION = YES_AGGRESSIVE;
				CLANG_CXX_LANGUAGE_STANDARD = "gnu++14";
				CLANG_CXX_LIBRARY = "libc++";
				CLANG_ENABLE_MODULES = YES;
				CLANG_ENABLE_OBJC_ARC = YES;
				CLANG_ENABLE_OBJC_WEAK = YES;
				CLANG_WARN_BLOCK_CAPTURE_AUTORELEASING = YES;
				CLANG_WARN_BOOL_CONVERSION = YES;
				CLANG_WARN_COMMA = YES;
				CLANG_WARN_CONSTANT_CONVERSION = YES;
				CLANG_WARN_DEPRECATED_OBJC_IMPLEMENTATIONS = YES;
				CLANG_WARN_DIRECT_OBJC_ISA_USAGE = YES_ERROR;
				CLANG_WARN_DOCUMENTATION_COMMENTS = YES;
				CLANG_WARN_EMPTY_BODY = YES;
				CLANG_WARN_ENUM_CONVERSION = YES;
				CLANG_WARN_INFINITE_RECURSION = YES;
				CLANG_WARN_INT_CONVERSION = YES;
				CLANG_WARN_NON_LITERAL_NULL_CONVERSION = YES;
				CLANG_WARN_OBJC_IMPLICIT_RETAIN_SELF = YES;
				CLANG_WARN_OBJC_LITERAL_CONVERSION = YES;
				CLANG_WARN_OBJC_ROOT_CLASS = YES_ERROR;
				CLANG_WARN_QUOTED_INCLUDE_IN_FRAMEWORK_HEADER = YES;
				CLANG_WARN_RANGE_LOOP_ANALYSIS = YES;
				CLANG_WARN_STRICT_PROTOTYPES = YES;
				CLANG_WARN_SUSPICIOUS_MOVE = YES;
				CLANG_WARN_UNGUARDED_AVAILABILITY = YES_AGGRESSIVE;
				CLANG_WARN_UNREACHABLE_CODE = YES;
				CLANG_WARN__DUPLICATE_METHOD_MATCH = YES;
				COPY_PHASE_STRIP = NO;
				DEBUG_INFORMATION_FORMAT = dwarf;
				ENABLE_STRICT_OBJC_MSGSEND = YES;
				ENABLE_TESTABILITY = YES;
				GCC_C_LANGUAGE_STANDARD = gnu11;
				GCC_DYNAMIC_NO_PIC = NO;
				GCC_NO_COMMON_BLOCKS = YES;
				GCC_OPTIMIZATION_LEVEL = 0;
				GCC_PREPROCESSOR_DEFINITIONS = (
					"DEBUG=1",
					"$(inherited)",
				);
				GCC_WARN_64_TO_32_BIT_CONVERSION = YES;
				GCC_WARN_ABOUT_RETURN_TYPE = YES_ERROR;
				GCC_WARN_UNDECLARED_SELECTOR = YES;
				GCC_WARN_UNINITIALIZED_AUTOS = YES_AGGRESSIVE;
				GCC_WARN_UNUSED_FUNCTION = YES;
				GCC_WARN_UNUSED_VARIABLE = YES;
				IPHONEOS_DEPLOYMENT_TARGET = 14.2;
				MTL_ENABLE_DEBUG_INFO = INCLUDE_SOURCE;
				MTL_FAST_MATH = YES;
				ONLY_ACTIVE_ARCH = YES;
				SDKROOT = iphoneos;
				SWIFT_ACTIVE_COMPILATION_CONDITIONS = DEBUG;
				SWIFT_OPTIMIZATION_LEVEL = "-Onone";
			};
			name = Debug;
		};
		FDB534F925834E0900BC8D42 /* Release */ = {
			isa = XCBuildConfiguration;
			buildSettings = {
				ALWAYS_SEARCH_USER_PATHS = NO;
				CLANG_ANALYZER_NONNULL = YES;
				CLANG_ANALYZER_NUMBER_OBJECT_CONVERSION = YES_AGGRESSIVE;
				CLANG_CXX_LANGUAGE_STANDARD = "gnu++14";
				CLANG_CXX_LIBRARY = "libc++";
				CLANG_ENABLE_MODULES = YES;
				CLANG_ENABLE_OBJC_ARC = YES;
				CLANG_ENABLE_OBJC_WEAK = YES;
				CLANG_WARN_BLOCK_CAPTURE_AUTORELEASING = YES;
				CLANG_WARN_BOOL_CONVERSION = YES;
				CLANG_WARN_COMMA = YES;
				CLANG_WARN_CONSTANT_CONVERSION = YES;
				CLANG_WARN_DEPRECATED_OBJC_IMPLEMENTATIONS = YES;
				CLANG_WARN_DIRECT_OBJC_ISA_USAGE = YES_ERROR;
				CLANG_WARN_DOCUMENTATION_COMMENTS = YES;
				CLANG_WARN_EMPTY_BODY = YES;
				CLANG_WARN_ENUM_CONVERSION = YES;
				CLANG_WARN_INFINITE_RECURSION = YES;
				CLANG_WARN_INT_CONVERSION = YES;
				CLANG_WARN_NON_LITERAL_NULL_CONVERSION = YES;
				CLANG_WARN_OBJC_IMPLICIT_RETAIN_SELF = YES;
				CLANG_WARN_OBJC_LITERAL_CONVERSION = YES;
				CLANG_WARN_OBJC_ROOT_CLASS = YES_ERROR;
				CLANG_WARN_QUOTED_INCLUDE_IN_FRAMEWORK_HEADER = YES;
				CLANG_WARN_RANGE_LOOP_ANALYSIS = YES;
				CLANG_WARN_STRICT_PROTOTYPES = YES;
				CLANG_WARN_SUSPICIOUS_MOVE = YES;
				CLANG_WARN_UNGUARDED_AVAILABILITY = YES_AGGRESSIVE;
				CLANG_WARN_UNREACHABLE_CODE = YES;
				CLANG_WARN__DUPLICATE_METHOD_MATCH = YES;
				COPY_PHASE_STRIP = NO;
				DEBUG_INFORMATION_FORMAT = "dwarf-with-dsym";
				ENABLE_NS_ASSERTIONS = NO;
				ENABLE_STRICT_OBJC_MSGSEND = YES;
				GCC_C_LANGUAGE_STANDARD = gnu11;
				GCC_NO_COMMON_BLOCKS = YES;
				GCC_WARN_64_TO_32_BIT_CONVERSION = YES;
				GCC_WARN_ABOUT_RETURN_TYPE = YES_ERROR;
				GCC_WARN_UNDECLARED_SELECTOR = YES;
				GCC_WARN_UNINITIALIZED_AUTOS = YES_AGGRESSIVE;
				GCC_WARN_UNUSED_FUNCTION = YES;
				GCC_WARN_UNUSED_VARIABLE = YES;
				IPHONEOS_DEPLOYMENT_TARGET = 14.2;
				MTL_ENABLE_DEBUG_INFO = NO;
				MTL_FAST_MATH = YES;
				SDKROOT = iphoneos;
				SWIFT_COMPILATION_MODE = wholemodule;
				SWIFT_OPTIMIZATION_LEVEL = "-O";
				VALIDATE_PRODUCT = YES;
			};
			name = Release;
		};
		FDB534FB25834E0900BC8D42 /* Debug */ = {
			isa = XCBuildConfiguration;
			buildSettings = {
				ASSETCATALOG_COMPILER_APPICON_NAME = AppIcon;
				ASSETCATALOG_COMPILER_GLOBAL_ACCENT_COLOR_NAME = AccentColor;
				CODE_SIGN_STYLE = Automatic;
				DEVELOPMENT_TEAM = Z863DNN8X3;
				INFOPLIST_FILE = recapcha/Info.plist;
				LD_RUNPATH_SEARCH_PATHS = (
					"$(inherited)",
					"@executable_path/Frameworks",
				);
				PRODUCT_BUNDLE_IDENTIFIER = com.starlux.recapcha;
				PRODUCT_NAME = "$(TARGET_NAME)";
				SWIFT_VERSION = 5.0;
				TARGETED_DEVICE_FAMILY = "1,2";
			};
			name = Debug;
		};
		FDB534FC25834E0900BC8D42 /* Release */ = {
			isa = XCBuildConfiguration;
			buildSettings = {
				ASSETCATALOG_COMPILER_APPICON_NAME = AppIcon;
				ASSETCATALOG_COMPILER_GLOBAL_ACCENT_COLOR_NAME = AccentColor;
				CODE_SIGN_STYLE = Automatic;
				DEVELOPMENT_TEAM = Z863DNN8X3;
				INFOPLIST_FILE = recapcha/Info.plist;
				LD_RUNPATH_SEARCH_PATHS = (
					"$(inherited)",
					"@executable_path/Frameworks",
				);
				PRODUCT_BUNDLE_IDENTIFIER = com.starlux.recapcha;
				PRODUCT_NAME = "$(TARGET_NAME)";
				SWIFT_VERSION = 5.0;
				TARGETED_DEVICE_FAMILY = "1,2";
			};
			name = Release;
		};
/* End XCBuildConfiguration section */

/* Begin XCConfigurationList section */
		FDB534E125834E0700BC8D42 /* Build configuration list for PBXProject "recapcha" */ = {
			isa = XCConfigurationList;
			buildConfigurations = (
				FDB534F825834E0900BC8D42 /* Debug */,
				FDB534F925834E0900BC8D42 /* Release */,
			);
			defaultConfigurationIsVisible = 0;
			defaultConfigurationName = Release;
		};
		FDB534FA25834E0900BC8D42 /* Build configuration list for PBXNativeTarget "recapcha" */ = {
			isa = XCConfigurationList;
			buildConfigurations = (
				FDB534FB25834E0900BC8D42 /* Debug */,
				FDB534FC25834E0900BC8D42 /* Release */,
			);
			defaultConfigurationIsVisible = 0;
			defaultConfigurationName = Release;
		};
/* End XCConfigurationList section */
	};
	rootObject = FDB534DE25834E0700BC8D42 /* Project object */;
}
